// !$*UTF8*$!
{
	archiveVersion = 1;
	classes = {
	};
	objectVersion = 55;
	objects = {

/* Begin PBXBuildFile section */
		880289C17128410AE6F2FD7D /* Pods_MyCalendar.framework in Frameworks */ = {isa = PBXBuildFile; fileRef = 981EAB39EB9E52EFF12D3783 /* Pods_MyCalendar.framework */; };
		8D3BBB7431377F1460AAD54D /* Pods_MyCalendarTests.framework in Frameworks */ = {isa = PBXBuildFile; fileRef = 308A814E65A439DF44D9620E /* Pods_MyCalendarTests.framework */; };
		DC6EACDD2DEB5CE78BD12F08 /* Pods_MyCalendar_MyCalendarUITests.framework in Frameworks */ = {isa = PBXBuildFile; fileRef = 022C15C53A7B39DA933BB3D9 /* Pods_MyCalendar_MyCalendarUITests.framework */; };
		E225D7D327B42E47008D3422 /* AppDelegate.swift in Sources */ = {isa = PBXBuildFile; fileRef = E225D7D227B42E47008D3422 /* AppDelegate.swift */; };
		E225D7DC27B42E49008D3422 /* Assets.xcassets in Resources */ = {isa = PBXBuildFile; fileRef = E225D7DB27B42E49008D3422 /* Assets.xcassets */; };
		E225D7DF27B42E49008D3422 /* LaunchScreen.storyboard in Resources */ = {isa = PBXBuildFile; fileRef = E225D7DD27B42E49008D3422 /* LaunchScreen.storyboard */; };
		E225D7EA27B42E49008D3422 /* MyCalendarTests.swift in Sources */ = {isa = PBXBuildFile; fileRef = E225D7E927B42E49008D3422 /* MyCalendarTests.swift */; };
		E225D7F627B42E49008D3422 /* MyCalendarUITestsLaunchTests.swift in Sources */ = {isa = PBXBuildFile; fileRef = E225D7F527B42E49008D3422 /* MyCalendarUITestsLaunchTests.swift */; };
		E225D80927B42F74008D3422 /* TasksViewController.swift in Sources */ = {isa = PBXBuildFile; fileRef = E225D80827B42F74008D3422 /* TasksViewController.swift */; };
		E225D80C27B42F9E008D3422 /* TaskTableViewCell.swift in Sources */ = {isa = PBXBuildFile; fileRef = E225D80B27B42F9E008D3422 /* TaskTableViewCell.swift */; };
		E225D80E27B4398E008D3422 /* UILabel.swift in Sources */ = {isa = PBXBuildFile; fileRef = E225D80D27B4398E008D3422 /* UILabel.swift */; };
		E225D81027B43D7F008D3422 /* UIStackView.swift in Sources */ = {isa = PBXBuildFile; fileRef = E225D80F27B43D7F008D3422 /* UIStackView.swift */; };
		E225D81227B441DF008D3422 /* OptionsTaskTableViewController.swift in Sources */ = {isa = PBXBuildFile; fileRef = E225D81127B441DF008D3422 /* OptionsTaskTableViewController.swift */; };
		E225D81427B44303008D3422 /* OptionTaskTableViewCell.swift in Sources */ = {isa = PBXBuildFile; fileRef = E225D81327B44303008D3422 /* OptionTaskTableViewCell.swift */; };
		E225D81927B451D3008D3422 /* AlertDate.swift in Sources */ = {isa = PBXBuildFile; fileRef = E225D81827B451D3008D3422 /* AlertDate.swift */; };
		E225D81B27B4521C008D3422 /* AlertTime.swift in Sources */ = {isa = PBXBuildFile; fileRef = E225D81A27B4521C008D3422 /* AlertTime.swift */; };
		E225D81D27B4526E008D3422 /* AlertText.swift in Sources */ = {isa = PBXBuildFile; fileRef = E225D81C27B4526E008D3422 /* AlertText.swift */; };
		E225D81F27B4528B008D3422 /* AlertSave.swift in Sources */ = {isa = PBXBuildFile; fileRef = E225D81E27B4528B008D3422 /* AlertSave.swift */; };
		E225D82227B5A10C008D3422 /* TaskModel.swift in Sources */ = {isa = PBXBuildFile; fileRef = E225D82127B5A10C008D3422 /* TaskModel.swift */; };
		E225D82427B5A174008D3422 /* RealmManager.swift in Sources */ = {isa = PBXBuildFile; fileRef = E225D82327B5A174008D3422 /* RealmManager.swift */; };
		E23AFF1127B6632700A5D30D /* TaskModelJSON.swift in Sources */ = {isa = PBXBuildFile; fileRef = E23AFF1027B6632700A5D30D /* TaskModelJSON.swift */; };
		E23AFF1327B6645F00A5D30D /* NetworkService.swift in Sources */ = {isa = PBXBuildFile; fileRef = E23AFF1227B6645F00A5D30D /* NetworkService.swift */; };
		E23AFF1627B6BBC200A5D30D /* TasksViewControllerTests.swift in Sources */ = {isa = PBXBuildFile; fileRef = E23AFF1527B6BBC200A5D30D /* TasksViewControllerTests.swift */; };
		E28F06E327B944DB00D84347 /* MyCalendarUITests.swift in Sources */ = {isa = PBXBuildFile; fileRef = E28F06E227B944DA00D84347 /* MyCalendarUITests.swift */; };
		E2BDE63F27B95C38007DB435 /* HeaderOptionsTableViewCell.swift in Sources */ = {isa = PBXBuildFile; fileRef = E2BDE63E27B95C38007DB435 /* HeaderOptionsTableViewCell.swift */; };
/* End PBXBuildFile section */

/* Begin PBXContainerItemProxy section */
		E225D7E627B42E49008D3422 /* PBXContainerItemProxy */ = {
			isa = PBXContainerItemProxy;
			containerPortal = E225D7C727B42E47008D3422 /* Project object */;
			proxyType = 1;
			remoteGlobalIDString = E225D7CE27B42E47008D3422;
			remoteInfo = MyCalendar;
		};
		E225D7F027B42E49008D3422 /* PBXContainerItemProxy */ = {
			isa = PBXContainerItemProxy;
			containerPortal = E225D7C727B42E47008D3422 /* Project object */;
			proxyType = 1;
			remoteGlobalIDString = E225D7CE27B42E47008D3422;
			remoteInfo = MyCalendar;
		};
/* End PBXContainerItemProxy section */

/* Begin PBXFileReference section */
		01C0CB81729A058B7C453634 /* Pods-MyCalendarTests.release.xcconfig */ = {isa = PBXFileReference; includeInIndex = 1; lastKnownFileType = text.xcconfig; name = "Pods-MyCalendarTests.release.xcconfig"; path = "Target Support Files/Pods-MyCalendarTests/Pods-MyCalendarTests.release.xcconfig"; sourceTree = "<group>"; };
		022C15C53A7B39DA933BB3D9 /* Pods_MyCalendar_MyCalendarUITests.framework */ = {isa = PBXFileReference; explicitFileType = wrapper.framework; includeInIndex = 0; path = Pods_MyCalendar_MyCalendarUITests.framework; sourceTree = BUILT_PRODUCTS_DIR; };
		27439FD3650342B5CD6B0AC3 /* Pods-MyCalendarTests.debug.xcconfig */ = {isa = PBXFileReference; includeInIndex = 1; lastKnownFileType = text.xcconfig; name = "Pods-MyCalendarTests.debug.xcconfig"; path = "Target Support Files/Pods-MyCalendarTests/Pods-MyCalendarTests.debug.xcconfig"; sourceTree = "<group>"; };
		308A814E65A439DF44D9620E /* Pods_MyCalendarTests.framework */ = {isa = PBXFileReference; explicitFileType = wrapper.framework; includeInIndex = 0; path = Pods_MyCalendarTests.framework; sourceTree = BUILT_PRODUCTS_DIR; };
		7527F089D54AE0F957FD9F63 /* Pods-MyCalendar.release.xcconfig */ = {isa = PBXFileReference; includeInIndex = 1; lastKnownFileType = text.xcconfig; name = "Pods-MyCalendar.release.xcconfig"; path = "Target Support Files/Pods-MyCalendar/Pods-MyCalendar.release.xcconfig"; sourceTree = "<group>"; };
		8A9A2CC1A6C1D2372EB1ACFC /* Pods-MyCalendar-MyCalendarUITests.release.xcconfig */ = {isa = PBXFileReference; includeInIndex = 1; lastKnownFileType = text.xcconfig; name = "Pods-MyCalendar-MyCalendarUITests.release.xcconfig"; path = "Target Support Files/Pods-MyCalendar-MyCalendarUITests/Pods-MyCalendar-MyCalendarUITests.release.xcconfig"; sourceTree = "<group>"; };
		90C48103AB794F8252B59B4D /* Pods-MyCalendar.debug.xcconfig */ = {isa = PBXFileReference; includeInIndex = 1; lastKnownFileType = text.xcconfig; name = "Pods-MyCalendar.debug.xcconfig"; path = "Target Support Files/Pods-MyCalendar/Pods-MyCalendar.debug.xcconfig"; sourceTree = "<group>"; };
		981EAB39EB9E52EFF12D3783 /* Pods_MyCalendar.framework */ = {isa = PBXFileReference; explicitFileType = wrapper.framework; includeInIndex = 0; path = Pods_MyCalendar.framework; sourceTree = BUILT_PRODUCTS_DIR; };
		AB856330D595A8B27F6CEFBB /* Pods-MyCalendar-MyCalendarUITests.debug.xcconfig */ = {isa = PBXFileReference; includeInIndex = 1; lastKnownFileType = text.xcconfig; name = "Pods-MyCalendar-MyCalendarUITests.debug.xcconfig"; path = "Target Support Files/Pods-MyCalendar-MyCalendarUITests/Pods-MyCalendar-MyCalendarUITests.debug.xcconfig"; sourceTree = "<group>"; };
		E225D7CF27B42E47008D3422 /* MyCalendar.app */ = {isa = PBXFileReference; explicitFileType = wrapper.application; includeInIndex = 0; path = MyCalendar.app; sourceTree = BUILT_PRODUCTS_DIR; };
		E225D7D227B42E47008D3422 /* AppDelegate.swift */ = {isa = PBXFileReference; lastKnownFileType = sourcecode.swift; path = AppDelegate.swift; sourceTree = "<group>"; };
		E225D7DB27B42E49008D3422 /* Assets.xcassets */ = {isa = PBXFileReference; lastKnownFileType = folder.assetcatalog; path = Assets.xcassets; sourceTree = "<group>"; };
		E225D7DE27B42E49008D3422 /* Base */ = {isa = PBXFileReference; lastKnownFileType = file.storyboard; name = Base; path = Base.lproj/LaunchScreen.storyboard; sourceTree = "<group>"; };
		E225D7E027B42E49008D3422 /* Info.plist */ = {isa = PBXFileReference; lastKnownFileType = text.plist.xml; path = Info.plist; sourceTree = "<group>"; };
		E225D7E527B42E49008D3422 /* MyCalendarTests.xctest */ = {isa = PBXFileReference; explicitFileType = wrapper.cfbundle; includeInIndex = 0; path = MyCalendarTests.xctest; sourceTree = BUILT_PRODUCTS_DIR; };
		E225D7E927B42E49008D3422 /* MyCalendarTests.swift */ = {isa = PBXFileReference; lastKnownFileType = sourcecode.swift; path = MyCalendarTests.swift; sourceTree = "<group>"; };
		E225D7EF27B42E49008D3422 /* MyCalendarUITests.xctest */ = {isa = PBXFileReference; explicitFileType = wrapper.cfbundle; includeInIndex = 0; path = MyCalendarUITests.xctest; sourceTree = BUILT_PRODUCTS_DIR; };
		E225D7F527B42E49008D3422 /* MyCalendarUITestsLaunchTests.swift */ = {isa = PBXFileReference; lastKnownFileType = sourcecode.swift; path = MyCalendarUITestsLaunchTests.swift; sourceTree = "<group>"; };
		E225D80827B42F74008D3422 /* TasksViewController.swift */ = {isa = PBXFileReference; lastKnownFileType = sourcecode.swift; path = TasksViewController.swift; sourceTree = "<group>"; };
		E225D80B27B42F9E008D3422 /* TaskTableViewCell.swift */ = {isa = PBXFileReference; lastKnownFileType = sourcecode.swift; path = TaskTableViewCell.swift; sourceTree = "<group>"; };
		E225D80D27B4398E008D3422 /* UILabel.swift */ = {isa = PBXFileReference; lastKnownFileType = sourcecode.swift; path = UILabel.swift; sourceTree = "<group>"; };
		E225D80F27B43D7F008D3422 /* UIStackView.swift */ = {isa = PBXFileReference; lastKnownFileType = sourcecode.swift; path = UIStackView.swift; sourceTree = "<group>"; };
		E225D81127B441DF008D3422 /* OptionsTaskTableViewController.swift */ = {isa = PBXFileReference; lastKnownFileType = sourcecode.swift; path = OptionsTaskTableViewController.swift; sourceTree = "<group>"; };
		E225D81327B44303008D3422 /* OptionTaskTableViewCell.swift */ = {isa = PBXFileReference; lastKnownFileType = sourcecode.swift; path = OptionTaskTableViewCell.swift; sourceTree = "<group>"; };
		E225D81827B451D3008D3422 /* AlertDate.swift */ = {isa = PBXFileReference; lastKnownFileType = sourcecode.swift; path = AlertDate.swift; sourceTree = "<group>"; };
		E225D81A27B4521C008D3422 /* AlertTime.swift */ = {isa = PBXFileReference; lastKnownFileType = sourcecode.swift; path = AlertTime.swift; sourceTree = "<group>"; };
		E225D81C27B4526E008D3422 /* AlertText.swift */ = {isa = PBXFileReference; lastKnownFileType = sourcecode.swift; path = AlertText.swift; sourceTree = "<group>"; };
		E225D81E27B4528B008D3422 /* AlertSave.swift */ = {isa = PBXFileReference; lastKnownFileType = sourcecode.swift; path = AlertSave.swift; sourceTree = "<group>"; };
		E225D82127B5A10C008D3422 /* TaskModel.swift */ = {isa = PBXFileReference; lastKnownFileType = sourcecode.swift; path = TaskModel.swift; sourceTree = "<group>"; };
		E225D82327B5A174008D3422 /* RealmManager.swift */ = {isa = PBXFileReference; lastKnownFileType = sourcecode.swift; path = RealmManager.swift; sourceTree = "<group>"; };
		E23AFF1027B6632700A5D30D /* TaskModelJSON.swift */ = {isa = PBXFileReference; lastKnownFileType = sourcecode.swift; path = TaskModelJSON.swift; sourceTree = "<group>"; };
		E23AFF1227B6645F00A5D30D /* NetworkService.swift */ = {isa = PBXFileReference; lastKnownFileType = sourcecode.swift; path = NetworkService.swift; sourceTree = "<group>"; };
		E23AFF1527B6BBC200A5D30D /* TasksViewControllerTests.swift */ = {isa = PBXFileReference; lastKnownFileType = sourcecode.swift; path = TasksViewControllerTests.swift; sourceTree = "<group>"; };
		E28F06E227B944DA00D84347 /* MyCalendarUITests.swift */ = {isa = PBXFileReference; lastKnownFileType = sourcecode.swift; path = MyCalendarUITests.swift; sourceTree = "<group>"; };
		E2BDE63E27B95C38007DB435 /* HeaderOptionsTableViewCell.swift */ = {isa = PBXFileReference; lastKnownFileType = sourcecode.swift; path = HeaderOptionsTableViewCell.swift; sourceTree = "<group>"; };
/* End PBXFileReference section */

/* Begin PBXFrameworksBuildPhase section */
		E225D7CC27B42E47008D3422 /* Frameworks */ = {
			isa = PBXFrameworksBuildPhase;
			buildActionMask = 2147483647;
			files = (
				880289C17128410AE6F2FD7D /* Pods_MyCalendar.framework in Frameworks */,
			);
			runOnlyForDeploymentPostprocessing = 0;
		};
		E225D7E227B42E49008D3422 /* Frameworks */ = {
			isa = PBXFrameworksBuildPhase;
			buildActionMask = 2147483647;
			files = (
				8D3BBB7431377F1460AAD54D /* Pods_MyCalendarTests.framework in Frameworks */,
			);
			runOnlyForDeploymentPostprocessing = 0;
		};
		E225D7EC27B42E49008D3422 /* Frameworks */ = {
			isa = PBXFrameworksBuildPhase;
			buildActionMask = 2147483647;
			files = (
				DC6EACDD2DEB5CE78BD12F08 /* Pods_MyCalendar_MyCalendarUITests.framework in Frameworks */,
			);
			runOnlyForDeploymentPostprocessing = 0;
		};
/* End PBXFrameworksBuildPhase section */

/* Begin PBXGroup section */
		30A45C0B4F46FBBCF4DED120 /* Pods */ = {
			isa = PBXGroup;
			children = (
				90C48103AB794F8252B59B4D /* Pods-MyCalendar.debug.xcconfig */,
				7527F089D54AE0F957FD9F63 /* Pods-MyCalendar.release.xcconfig */,
				AB856330D595A8B27F6CEFBB /* Pods-MyCalendar-MyCalendarUITests.debug.xcconfig */,
				8A9A2CC1A6C1D2372EB1ACFC /* Pods-MyCalendar-MyCalendarUITests.release.xcconfig */,
				27439FD3650342B5CD6B0AC3 /* Pods-MyCalendarTests.debug.xcconfig */,
				01C0CB81729A058B7C453634 /* Pods-MyCalendarTests.release.xcconfig */,
			);
			path = Pods;
			sourceTree = "<group>";
		};
		D14BB2B9F20C23A0F8043067 /* Frameworks */ = {
			isa = PBXGroup;
			children = (
				981EAB39EB9E52EFF12D3783 /* Pods_MyCalendar.framework */,
				022C15C53A7B39DA933BB3D9 /* Pods_MyCalendar_MyCalendarUITests.framework */,
				308A814E65A439DF44D9620E /* Pods_MyCalendarTests.framework */,
			);
			name = Frameworks;
			sourceTree = "<group>";
		};
		E225D7C627B42E47008D3422 = {
			isa = PBXGroup;
			children = (
				E225D7D127B42E47008D3422 /* MyCalendar */,
				E225D7E827B42E49008D3422 /* MyCalendarTests */,
				E225D7F227B42E49008D3422 /* MyCalendarUITests */,
				E225D7D027B42E47008D3422 /* Products */,
				30A45C0B4F46FBBCF4DED120 /* Pods */,
				D14BB2B9F20C23A0F8043067 /* Frameworks */,
			);
			sourceTree = "<group>";
		};
		E225D7D027B42E47008D3422 /* Products */ = {
			isa = PBXGroup;
			children = (
				E225D7CF27B42E47008D3422 /* MyCalendar.app */,
				E225D7E527B42E49008D3422 /* MyCalendarTests.xctest */,
				E225D7EF27B42E49008D3422 /* MyCalendarUITests.xctest */,
			);
			name = Products;
			sourceTree = "<group>";
		};
		E225D7D127B42E47008D3422 /* MyCalendar */ = {
			isa = PBXGroup;
			children = (
				E225D80227B42ED3008D3422 /* Resources */,
				E225D80327B42EE5008D3422 /* Views */,
				E225D80427B42EEF008D3422 /* Controllers */,
				E225D80627B42F2D008D3422 /* Models */,
				E225D80727B42F42008D3422 /* Services */,
				E225D80527B42EFC008D3422 /* Extensions */,
				E225D7E027B42E49008D3422 /* Info.plist */,
			);
			path = MyCalendar;
			sourceTree = "<group>";
		};
		E225D7E827B42E49008D3422 /* MyCalendarTests */ = {
			isa = PBXGroup;
			children = (
				E23AFF1427B6BB8700A5D30D /* Controllers */,
				E225D7E927B42E49008D3422 /* MyCalendarTests.swift */,
			);
			path = MyCalendarTests;
			sourceTree = "<group>";
		};
		E225D7F227B42E49008D3422 /* MyCalendarUITests */ = {
			isa = PBXGroup;
			children = (
				E28F06E227B944DA00D84347 /* MyCalendarUITests.swift */,
				E225D7F527B42E49008D3422 /* MyCalendarUITestsLaunchTests.swift */,
			);
			path = MyCalendarUITests;
			sourceTree = "<group>";
		};
		E225D80227B42ED3008D3422 /* Resources */ = {
			isa = PBXGroup;
			children = (
				E225D7D227B42E47008D3422 /* AppDelegate.swift */,
				E225D7DB27B42E49008D3422 /* Assets.xcassets */,
			);
			path = Resources;
			sourceTree = "<group>";
		};
		E225D80327B42EE5008D3422 /* Views */ = {
			isa = PBXGroup;
			children = (
				E225D7DD27B42E49008D3422 /* LaunchScreen.storyboard */,
			);
			path = Views;
			sourceTree = "<group>";
		};
		E225D80427B42EEF008D3422 /* Controllers */ = {
			isa = PBXGroup;
			children = (
				E225D80827B42F74008D3422 /* TasksViewController.swift */,
				E225D81127B441DF008D3422 /* OptionsTaskTableViewController.swift */,
			);
			path = Controllers;
			sourceTree = "<group>";
		};
		E225D80527B42EFC008D3422 /* Extensions */ = {
			isa = PBXGroup;
			children = (
				E225D80D27B4398E008D3422 /* UILabel.swift */,
				E225D80F27B43D7F008D3422 /* UIStackView.swift */,
			);
			path = Extensions;
			sourceTree = "<group>";
		};
		E225D80627B42F2D008D3422 /* Models */ = {
			isa = PBXGroup;
			children = (
				E23AFF0F27B6631000A5D30D /* JSON */,
				E225D82027B5A0F9008D3422 /* Realm */,
				E225D81727B451C8008D3422 /* Alerts */,
				E225D80A27B42F7F008D3422 /* Cells */,
			);
			path = Models;
			sourceTree = "<group>";
		};
		E225D80727B42F42008D3422 /* Services */ = {
			isa = PBXGroup;
			children = (
				E225D82327B5A174008D3422 /* RealmManager.swift */,
				E23AFF1227B6645F00A5D30D /* NetworkService.swift */,
			);
			path = Services;
			sourceTree = "<group>";
		};
		E225D80A27B42F7F008D3422 /* Cells */ = {
			isa = PBXGroup;
			children = (
				E225D80B27B42F9E008D3422 /* TaskTableViewCell.swift */,
				E2BDE63E27B95C38007DB435 /* HeaderOptionsTableViewCell.swift */,
				E225D81327B44303008D3422 /* OptionTaskTableViewCell.swift */,
			);
			path = Cells;
			sourceTree = "<group>";
		};
		E225D81727B451C8008D3422 /* Alerts */ = {
			isa = PBXGroup;
			children = (
				E225D81827B451D3008D3422 /* AlertDate.swift */,
				E225D81A27B4521C008D3422 /* AlertTime.swift */,
				E225D81C27B4526E008D3422 /* AlertText.swift */,
				E225D81E27B4528B008D3422 /* AlertSave.swift */,
			);
			path = Alerts;
			sourceTree = "<group>";
		};
		E225D82027B5A0F9008D3422 /* Realm */ = {
			isa = PBXGroup;
			children = (
				E225D82127B5A10C008D3422 /* TaskModel.swift */,
			);
			path = Realm;
			sourceTree = "<group>";
		};
		E23AFF0F27B6631000A5D30D /* JSON */ = {
			isa = PBXGroup;
			children = (
				E23AFF1027B6632700A5D30D /* TaskModelJSON.swift */,
			);
			path = JSON;
			sourceTree = "<group>";
		};
		E23AFF1427B6BB8700A5D30D /* Controllers */ = {
			isa = PBXGroup;
			children = (
				E23AFF1527B6BBC200A5D30D /* TasksViewControllerTests.swift */,
			);
			path = Controllers;
			sourceTree = "<group>";
		};
/* End PBXGroup section */

/* Begin PBXNativeTarget section */
		E225D7CE27B42E47008D3422 /* MyCalendar */ = {
			isa = PBXNativeTarget;
			buildConfigurationList = E225D7F927B42E49008D3422 /* Build configuration list for PBXNativeTarget "MyCalendar" */;
			buildPhases = (
				AE4426AD9C4637304F73D020 /* [CP] Check Pods Manifest.lock */,
				E225D7CB27B42E47008D3422 /* Sources */,
				E225D7CC27B42E47008D3422 /* Frameworks */,
				E225D7CD27B42E47008D3422 /* Resources */,
				5AA9E344ECE664BCF01133D4 /* [CP] Embed Pods Frameworks */,
			);
			buildRules = (
			);
			dependencies = (
			);
			name = MyCalendar;
			productName = MyCalendar;
			productReference = E225D7CF27B42E47008D3422 /* MyCalendar.app */;
			productType = "com.apple.product-type.application";
		};
		E225D7E427B42E49008D3422 /* MyCalendarTests */ = {
			isa = PBXNativeTarget;
			buildConfigurationList = E225D7FC27B42E49008D3422 /* Build configuration list for PBXNativeTarget "MyCalendarTests" */;
			buildPhases = (
				5690C2624E8B13237166BE5F /* [CP] Check Pods Manifest.lock */,
				E225D7E127B42E49008D3422 /* Sources */,
				E225D7E227B42E49008D3422 /* Frameworks */,
				E225D7E327B42E49008D3422 /* Resources */,
			);
			buildRules = (
			);
			dependencies = (
				E225D7E727B42E49008D3422 /* PBXTargetDependency */,
			);
			name = MyCalendarTests;
			productName = MyCalendarTests;
			productReference = E225D7E527B42E49008D3422 /* MyCalendarTests.xctest */;
			productType = "com.apple.product-type.bundle.unit-test";
		};
		E225D7EE27B42E49008D3422 /* MyCalendarUITests */ = {
			isa = PBXNativeTarget;
			buildConfigurationList = E225D7FF27B42E49008D3422 /* Build configuration list for PBXNativeTarget "MyCalendarUITests" */;
			buildPhases = (
				ABBF9F60950A0023800108F9 /* [CP] Check Pods Manifest.lock */,
				E225D7EB27B42E49008D3422 /* Sources */,
				E225D7EC27B42E49008D3422 /* Frameworks */,
				E225D7ED27B42E49008D3422 /* Resources */,
				7FD1EA96826A3DD280C04F01 /* [CP] Embed Pods Frameworks */,
			);
			buildRules = (
			);
			dependencies = (
				E225D7F127B42E49008D3422 /* PBXTargetDependency */,
			);
			name = MyCalendarUITests;
			productName = MyCalendarUITests;
			productReference = E225D7EF27B42E49008D3422 /* MyCalendarUITests.xctest */;
			productType = "com.apple.product-type.bundle.ui-testing";
		};
/* End PBXNativeTarget section */

/* Begin PBXProject section */
		E225D7C727B42E47008D3422 /* Project object */ = {
			isa = PBXProject;
			attributes = {
				BuildIndependentTargetsInParallel = 1;
				LastSwiftUpdateCheck = 1320;
				LastUpgradeCheck = 1320;
				TargetAttributes = {
					E225D7CE27B42E47008D3422 = {
						CreatedOnToolsVersion = 13.2.1;
					};
					E225D7E427B42E49008D3422 = {
						CreatedOnToolsVersion = 13.2.1;
						TestTargetID = E225D7CE27B42E47008D3422;
					};
					E225D7EE27B42E49008D3422 = {
						CreatedOnToolsVersion = 13.2.1;
						TestTargetID = E225D7CE27B42E47008D3422;
					};
				};
			};
			buildConfigurationList = E225D7CA27B42E47008D3422 /* Build configuration list for PBXProject "MyCalendar" */;
			compatibilityVersion = "Xcode 13.0";
			developmentRegion = en;
			hasScannedForEncodings = 0;
			knownRegions = (
				en,
				Base,
			);
			mainGroup = E225D7C627B42E47008D3422;
			productRefGroup = E225D7D027B42E47008D3422 /* Products */;
			projectDirPath = "";
			projectRoot = "";
			targets = (
				E225D7CE27B42E47008D3422 /* MyCalendar */,
				E225D7E427B42E49008D3422 /* MyCalendarTests */,
				E225D7EE27B42E49008D3422 /* MyCalendarUITests */,
			);
		};
/* End PBXProject section */

/* Begin PBXResourcesBuildPhase section */
		E225D7CD27B42E47008D3422 /* Resources */ = {
			isa = PBXResourcesBuildPhase;
			buildActionMask = 2147483647;
			files = (
				E225D7DF27B42E49008D3422 /* LaunchScreen.storyboard in Resources */,
				E225D7DC27B42E49008D3422 /* Assets.xcassets in Resources */,
			);
			runOnlyForDeploymentPostprocessing = 0;
		};
		E225D7E327B42E49008D3422 /* Resources */ = {
			isa = PBXResourcesBuildPhase;
			buildActionMask = 2147483647;
			files = (
			);
			runOnlyForDeploymentPostprocessing = 0;
		};
		E225D7ED27B42E49008D3422 /* Resources */ = {
			isa = PBXResourcesBuildPhase;
			buildActionMask = 2147483647;
			files = (
			);
			runOnlyForDeploymentPostprocessing = 0;
		};
/* End PBXResourcesBuildPhase section */

/* Begin PBXShellScriptBuildPhase section */
		5690C2624E8B13237166BE5F /* [CP] Check Pods Manifest.lock */ = {
			isa = PBXShellScriptBuildPhase;
			buildActionMask = 2147483647;
			files = (
			);
			inputFileListPaths = (
			);
			inputPaths = (
				"${PODS_PODFILE_DIR_PATH}/Podfile.lock",
				"${PODS_ROOT}/Manifest.lock",
			);
			name = "[CP] Check Pods Manifest.lock";
			outputFileListPaths = (
			);
			outputPaths = (
				"$(DERIVED_FILE_DIR)/Pods-MyCalendarTests-checkManifestLockResult.txt",
			);
			runOnlyForDeploymentPostprocessing = 0;
			shellPath = /bin/sh;
			shellScript = "diff \"${PODS_PODFILE_DIR_PATH}/Podfile.lock\" \"${PODS_ROOT}/Manifest.lock\" > /dev/null\nif [ $? != 0 ] ; then\n    # print error to STDERR\n    echo \"error: The sandbox is not in sync with the Podfile.lock. Run 'pod install' or update your CocoaPods installation.\" >&2\n    exit 1\nfi\n# This output is used by Xcode 'outputs' to avoid re-running this script phase.\necho \"SUCCESS\" > \"${SCRIPT_OUTPUT_FILE_0}\"\n";
			showEnvVarsInLog = 0;
		};
		5AA9E344ECE664BCF01133D4 /* [CP] Embed Pods Frameworks */ = {
			isa = PBXShellScriptBuildPhase;
			buildActionMask = 2147483647;
			files = (
			);
			inputFileListPaths = (
				"${PODS_ROOT}/Target Support Files/Pods-MyCalendar/Pods-MyCalendar-frameworks-${CONFIGURATION}-input-files.xcfilelist",
			);
			name = "[CP] Embed Pods Frameworks";
			outputFileListPaths = (
				"${PODS_ROOT}/Target Support Files/Pods-MyCalendar/Pods-MyCalendar-frameworks-${CONFIGURATION}-output-files.xcfilelist",
			);
			runOnlyForDeploymentPostprocessing = 0;
			shellPath = /bin/sh;
			shellScript = "\"${PODS_ROOT}/Target Support Files/Pods-MyCalendar/Pods-MyCalendar-frameworks.sh\"\n";
			showEnvVarsInLog = 0;
		};
		7FD1EA96826A3DD280C04F01 /* [CP] Embed Pods Frameworks */ = {
			isa = PBXShellScriptBuildPhase;
			buildActionMask = 2147483647;
			files = (
			);
			inputFileListPaths = (
				"${PODS_ROOT}/Target Support Files/Pods-MyCalendar-MyCalendarUITests/Pods-MyCalendar-MyCalendarUITests-frameworks-${CONFIGURATION}-input-files.xcfilelist",
			);
			name = "[CP] Embed Pods Frameworks";
			outputFileListPaths = (
				"${PODS_ROOT}/Target Support Files/Pods-MyCalendar-MyCalendarUITests/Pods-MyCalendar-MyCalendarUITests-frameworks-${CONFIGURATION}-output-files.xcfilelist",
			);
			runOnlyForDeploymentPostprocessing = 0;
			shellPath = /bin/sh;
			shellScript = "\"${PODS_ROOT}/Target Support Files/Pods-MyCalendar-MyCalendarUITests/Pods-MyCalendar-MyCalendarUITests-frameworks.sh\"\n";
			showEnvVarsInLog = 0;
		};
		ABBF9F60950A0023800108F9 /* [CP] Check Pods Manifest.lock */ = {
			isa = PBXShellScriptBuildPhase;
			buildActionMask = 2147483647;
			files = (
			);
			inputFileListPaths = (
			);
			inputPaths = (
				"${PODS_PODFILE_DIR_PATH}/Podfile.lock",
				"${PODS_ROOT}/Manifest.lock",
			);
			name = "[CP] Check Pods Manifest.lock";
			outputFileListPaths = (
			);
			outputPaths = (
				"$(DERIVED_FILE_DIR)/Pods-MyCalendar-MyCalendarUITests-checkManifestLockResult.txt",
			);
			runOnlyForDeploymentPostprocessing = 0;
			shellPath = /bin/sh;
			shellScript = "diff \"${PODS_PODFILE_DIR_PATH}/Podfile.lock\" \"${PODS_ROOT}/Manifest.lock\" > /dev/null\nif [ $? != 0 ] ; then\n    # print error to STDERR\n    echo \"error: The sandbox is not in sync with the Podfile.lock. Run 'pod install' or update your CocoaPods installation.\" >&2\n    exit 1\nfi\n# This output is used by Xcode 'outputs' to avoid re-running this script phase.\necho \"SUCCESS\" > \"${SCRIPT_OUTPUT_FILE_0}\"\n";
			showEnvVarsInLog = 0;
		};
		AE4426AD9C4637304F73D020 /* [CP] Check Pods Manifest.lock */ = {
			isa = PBXShellScriptBuildPhase;
			buildActionMask = 2147483647;
			files = (
			);
			inputFileListPaths = (
			);
			inputPaths = (
				"${PODS_PODFILE_DIR_PATH}/Podfile.lock",
				"${PODS_ROOT}/Manifest.lock",
			);
			name = "[CP] Check Pods Manifest.lock";
			outputFileListPaths = (
			);
			outputPaths = (
				"$(DERIVED_FILE_DIR)/Pods-MyCalendar-checkManifestLockResult.txt",
			);
			runOnlyForDeploymentPostprocessing = 0;
			shellPath = /bin/sh;
			shellScript = "diff \"${PODS_PODFILE_DIR_PATH}/Podfile.lock\" \"${PODS_ROOT}/Manifest.lock\" > /dev/null\nif [ $? != 0 ] ; then\n    # print error to STDERR\n    echo \"error: The sandbox is not in sync with the Podfile.lock. Run 'pod install' or update your CocoaPods installation.\" >&2\n    exit 1\nfi\n# This output is used by Xcode 'outputs' to avoid re-running this script phase.\necho \"SUCCESS\" > \"${SCRIPT_OUTPUT_FILE_0}\"\n";
			showEnvVarsInLog = 0;
		};
/* End PBXShellScriptBuildPhase section */

/* Begin PBXSourcesBuildPhase section */
		E225D7CB27B42E47008D3422 /* Sources */ = {
			isa = PBXSourcesBuildPhase;
			buildActionMask = 2147483647;
			files = (
				E225D82427B5A174008D3422 /* RealmManager.swift in Sources */,
				E225D81927B451D3008D3422 /* AlertDate.swift in Sources */,
				E225D7D327B42E47008D3422 /* AppDelegate.swift in Sources */,
				E225D81B27B4521C008D3422 /* AlertTime.swift in Sources */,
				E23AFF1127B6632700A5D30D /* TaskModelJSON.swift in Sources */,
				E225D81427B44303008D3422 /* OptionTaskTableViewCell.swift in Sources */,
				E2BDE63F27B95C38007DB435 /* HeaderOptionsTableViewCell.swift in Sources */,
				E225D80927B42F74008D3422 /* TasksViewController.swift in Sources */,
				E225D81D27B4526E008D3422 /* AlertText.swift in Sources */,
				E225D82227B5A10C008D3422 /* TaskModel.swift in Sources */,
				E225D81027B43D7F008D3422 /* UIStackView.swift in Sources */,
				E23AFF1327B6645F00A5D30D /* NetworkService.swift in Sources */,
				E225D80E27B4398E008D3422 /* UILabel.swift in Sources */,
				E225D80C27B42F9E008D3422 /* TaskTableViewCell.swift in Sources */,
				E225D81F27B4528B008D3422 /* AlertSave.swift in Sources */,
				E225D81227B441DF008D3422 /* OptionsTaskTableViewController.swift in Sources */,
			);
			runOnlyForDeploymentPostprocessing = 0;
		};
		E225D7E127B42E49008D3422 /* Sources */ = {
			isa = PBXSourcesBuildPhase;
			buildActionMask = 2147483647;
			files = (
				E225D7EA27B42E49008D3422 /* MyCalendarTests.swift in Sources */,
				E23AFF1627B6BBC200A5D30D /* TasksViewControllerTests.swift in Sources */,
			);
			runOnlyForDeploymentPostprocessing = 0;
		};
		E225D7EB27B42E49008D3422 /* Sources */ = {
			isa = PBXSourcesBuildPhase;
			buildActionMask = 2147483647;
			files = (
				E225D7F627B42E49008D3422 /* MyCalendarUITestsLaunchTests.swift in Sources */,
				E28F06E327B944DB00D84347 /* MyCalendarUITests.swift in Sources */,
			);
			runOnlyForDeploymentPostprocessing = 0;
		};
/* End PBXSourcesBuildPhase section */

/* Begin PBXTargetDependency section */
		E225D7E727B42E49008D3422 /* PBXTargetDependency */ = {
			isa = PBXTargetDependency;
			target = E225D7CE27B42E47008D3422 /* MyCalendar */;
			targetProxy = E225D7E627B42E49008D3422 /* PBXContainerItemProxy */;
		};
		E225D7F127B42E49008D3422 /* PBXTargetDependency */ = {
			isa = PBXTargetDependency;
			target = E225D7CE27B42E47008D3422 /* MyCalendar */;
			targetProxy = E225D7F027B42E49008D3422 /* PBXContainerItemProxy */;
		};
/* End PBXTargetDependency section */

/* Begin PBXVariantGroup section */
		E225D7DD27B42E49008D3422 /* LaunchScreen.storyboard */ = {
			isa = PBXVariantGroup;
			children = (
				E225D7DE27B42E49008D3422 /* Base */,
			);
			name = LaunchScreen.storyboard;
			sourceTree = "<group>";
		};
/* End PBXVariantGroup section */

/* Begin XCBuildConfiguration section */
		E225D7F727B42E49008D3422 /* Debug */ = {
			isa = XCBuildConfiguration;
			buildSettings = {
				ALWAYS_SEARCH_USER_PATHS = NO;
				CLANG_ANALYZER_NONNULL = YES;
				CLANG_ANALYZER_NUMBER_OBJECT_CONVERSION = YES_AGGRESSIVE;
				CLANG_CXX_LANGUAGE_STANDARD = "gnu++17";
				CLANG_CXX_LIBRARY = "libc++";
				CLANG_ENABLE_MODULES = YES;
				CLANG_ENABLE_OBJC_ARC = YES;
				CLANG_ENABLE_OBJC_WEAK = YES;
				CLANG_WARN_BLOCK_CAPTURE_AUTORELEASING = YES;
				CLANG_WARN_BOOL_CONVERSION = YES;
				CLANG_WARN_COMMA = YES;
				CLANG_WARN_CONSTANT_CONVERSION = YES;
				CLANG_WARN_DEPRECATED_OBJC_IMPLEMENTATIONS = YES;
				CLANG_WARN_DIRECT_OBJC_ISA_USAGE = YES_ERROR;
				CLANG_WARN_DOCUMENTATION_COMMENTS = YES;
				CLANG_WARN_EMPTY_BODY = YES;
				CLANG_WARN_ENUM_CONVERSION = YES;
				CLANG_WARN_INFINITE_RECURSION = YES;
				CLANG_WARN_INT_CONVERSION = YES;
				CLANG_WARN_NON_LITERAL_NULL_CONVERSION = YES;
				CLANG_WARN_OBJC_IMPLICIT_RETAIN_SELF = YES;
				CLANG_WARN_OBJC_LITERAL_CONVERSION = YES;
				CLANG_WARN_OBJC_ROOT_CLASS = YES_ERROR;
				CLANG_WARN_QUOTED_INCLUDE_IN_FRAMEWORK_HEADER = YES;
				CLANG_WARN_RANGE_LOOP_ANALYSIS = YES;
				CLANG_WARN_STRICT_PROTOTYPES = YES;
				CLANG_WARN_SUSPICIOUS_MOVE = YES;
				CLANG_WARN_UNGUARDED_AVAILABILITY = YES_AGGRESSIVE;
				CLANG_WARN_UNREACHABLE_CODE = YES;
				CLANG_WARN__DUPLICATE_METHOD_MATCH = YES;
				COPY_PHASE_STRIP = NO;
				DEBUG_INFORMATION_FORMAT = dwarf;
				ENABLE_STRICT_OBJC_MSGSEND = YES;
				ENABLE_TESTABILITY = YES;
				GCC_C_LANGUAGE_STANDARD = gnu11;
				GCC_DYNAMIC_NO_PIC = NO;
				GCC_NO_COMMON_BLOCKS = YES;
				GCC_OPTIMIZATION_LEVEL = 0;
				GCC_PREPROCESSOR_DEFINITIONS = (
					"DEBUG=1",
					"$(inherited)",
				);
				GCC_WARN_64_TO_32_BIT_CONVERSION = YES;
				GCC_WARN_ABOUT_RETURN_TYPE = YES_ERROR;
				GCC_WARN_UNDECLARED_SELECTOR = YES;
				GCC_WARN_UNINITIALIZED_AUTOS = YES_AGGRESSIVE;
				GCC_WARN_UNUSED_FUNCTION = YES;
				GCC_WARN_UNUSED_VARIABLE = YES;
				IPHONEOS_DEPLOYMENT_TARGET = 12.0;
				MTL_ENABLE_DEBUG_INFO = INCLUDE_SOURCE;
				MTL_FAST_MATH = YES;
				ONLY_ACTIVE_ARCH = YES;
				SDKROOT = iphoneos;
				SWIFT_ACTIVE_COMPILATION_CONDITIONS = DEBUG;
				SWIFT_OPTIMIZATION_LEVEL = "-Onone";
			};
			name = Debug;
		};
		E225D7F827B42E49008D3422 /* Release */ = {
			isa = XCBuildConfiguration;
			buildSettings = {
				ALWAYS_SEARCH_USER_PATHS = NO;
				CLANG_ANALYZER_NONNULL = YES;
				CLANG_ANALYZER_NUMBER_OBJECT_CONVERSION = YES_AGGRESSIVE;
				CLANG_CXX_LANGUAGE_STANDARD = "gnu++17";
				CLANG_CXX_LIBRARY = "libc++";
				CLANG_ENABLE_MODULES = YES;
				CLANG_ENABLE_OBJC_ARC = YES;
				CLANG_ENABLE_OBJC_WEAK = YES;
				CLANG_WARN_BLOCK_CAPTURE_AUTORELEASING = YES;
				CLANG_WARN_BOOL_CONVERSION = YES;
				CLANG_WARN_COMMA = YES;
				CLANG_WARN_CONSTANT_CONVERSION = YES;
				CLANG_WARN_DEPRECATED_OBJC_IMPLEMENTATIONS = YES;
				CLANG_WARN_DIRECT_OBJC_ISA_USAGE = YES_ERROR;
				CLANG_WARN_DOCUMENTATION_COMMENTS = YES;
				CLANG_WARN_EMPTY_BODY = YES;
				CLANG_WARN_ENUM_CONVERSION = YES;
				CLANG_WARN_INFINITE_RECURSION = YES;
				CLANG_WARN_INT_CONVERSION = YES;
				CLANG_WARN_NON_LITERAL_NULL_CONVERSION = YES;
				CLANG_WARN_OBJC_IMPLICIT_RETAIN_SELF = YES;
				CLANG_WARN_OBJC_LITERAL_CONVERSION = YES;
				CLANG_WARN_OBJC_ROOT_CLASS = YES_ERROR;
				CLANG_WARN_QUOTED_INCLUDE_IN_FRAMEWORK_HEADER = YES;
				CLANG_WARN_RANGE_LOOP_ANALYSIS = YES;
				CLANG_WARN_STRICT_PROTOTYPES = YES;
				CLANG_WARN_SUSPICIOUS_MOVE = YES;
				CLANG_WARN_UNGUARDED_AVAILABILITY = YES_AGGRESSIVE;
				CLANG_WARN_UNREACHABLE_CODE = YES;
				CLANG_WARN__DUPLICATE_METHOD_MATCH = YES;
				COPY_PHASE_STRIP = NO;
				DEBUG_INFORMATION_FORMAT = "dwarf-with-dsym";
				ENABLE_NS_ASSERTIONS = NO;
				ENABLE_STRICT_OBJC_MSGSEND = YES;
				GCC_C_LANGUAGE_STANDARD = gnu11;
				GCC_NO_COMMON_BLOCKS = YES;
				GCC_WARN_64_TO_32_BIT_CONVERSION = YES;
				GCC_WARN_ABOUT_RETURN_TYPE = YES_ERROR;
				GCC_WARN_UNDECLARED_SELECTOR = YES;
				GCC_WARN_UNINITIALIZED_AUTOS = YES_AGGRESSIVE;
				GCC_WARN_UNUSED_FUNCTION = YES;
				GCC_WARN_UNUSED_VARIABLE = YES;
				IPHONEOS_DEPLOYMENT_TARGET = 12.0;
				MTL_ENABLE_DEBUG_INFO = NO;
				MTL_FAST_MATH = YES;
				SDKROOT = iphoneos;
				SWIFT_COMPILATION_MODE = wholemodule;
				SWIFT_OPTIMIZATION_LEVEL = "-O";
				VALIDATE_PRODUCT = YES;
			};
			name = Release;
		};
		E225D7FA27B42E49008D3422 /* Debug */ = {
			isa = XCBuildConfiguration;
			baseConfigurationReference = 90C48103AB794F8252B59B4D /* Pods-MyCalendar.debug.xcconfig */;
			buildSettings = {
				ASSETCATALOG_COMPILER_APPICON_NAME = AppIcon;
				ASSETCATALOG_COMPILER_GLOBAL_ACCENT_COLOR_NAME = AccentColor;
				CODE_SIGN_STYLE = Automatic;
				CURRENT_PROJECT_VERSION = 1;
				DEVELOPMENT_TEAM = 32Y2DSLDNH;
				GENERATE_INFOPLIST_FILE = YES;
				INFOPLIST_FILE = MyCalendar/Info.plist;
				INFOPLIST_KEY_UIApplicationSupportsIndirectInputEvents = YES;
				INFOPLIST_KEY_UILaunchStoryboardName = LaunchScreen;
				INFOPLIST_KEY_UISupportedInterfaceOrientations_iPad = "UIInterfaceOrientationPortrait UIInterfaceOrientationPortraitUpsideDown UIInterfaceOrientationLandscapeLeft UIInterfaceOrientationLandscapeRight";
				INFOPLIST_KEY_UISupportedInterfaceOrientations_iPhone = "UIInterfaceOrientationPortrait UIInterfaceOrientationLandscapeLeft UIInterfaceOrientationLandscapeRight";
				LD_RUNPATH_SEARCH_PATHS = (
					"$(inherited)",
					"@executable_path/Frameworks",
				);
				MARKETING_VERSION = 1.0;
				PRODUCT_BUNDLE_IDENTIFIER = com.malchikTV.MyCalendar;
				PRODUCT_NAME = "$(TARGET_NAME)";
				SWIFT_EMIT_LOC_STRINGS = YES;
				SWIFT_VERSION = 5.0;
				TARGETED_DEVICE_FAMILY = "1,2";
			};
			name = Debug;
		};
		E225D7FB27B42E49008D3422 /* Release */ = {
			isa = XCBuildConfiguration;
			baseConfigurationReference = 7527F089D54AE0F957FD9F63 /* Pods-MyCalendar.release.xcconfig */;
			buildSettings = {
				ASSETCATALOG_COMPILER_APPICON_NAME = AppIcon;
				ASSETCATALOG_COMPILER_GLOBAL_ACCENT_COLOR_NAME = AccentColor;
				CODE_SIGN_STYLE = Automatic;
				CURRENT_PROJECT_VERSION = 1;
				DEVELOPMENT_TEAM = 32Y2DSLDNH;
				GENERATE_INFOPLIST_FILE = YES;
				INFOPLIST_FILE = MyCalendar/Info.plist;
				INFOPLIST_KEY_UIApplicationSupportsIndirectInputEvents = YES;
				INFOPLIST_KEY_UILaunchStoryboardName = LaunchScreen;
				INFOPLIST_KEY_UISupportedInterfaceOrientations_iPad = "UIInterfaceOrientationPortrait UIInterfaceOrientationPortraitUpsideDown UIInterfaceOrientationLandscapeLeft UIInterfaceOrientationLandscapeRight";
				INFOPLIST_KEY_UISupportedInterfaceOrientations_iPhone = "UIInterfaceOrientationPortrait UIInterfaceOrientationLandscapeLeft UIInterfaceOrientationLandscapeRight";
				LD_RUNPATH_SEARCH_PATHS = (
					"$(inherited)",
					"@executable_path/Frameworks",
				);
				MARKETING_VERSION = 1.0;
				PRODUCT_BUNDLE_IDENTIFIER = com.malchikTV.MyCalendar;
				PRODUCT_NAME = "$(TARGET_NAME)";
				SWIFT_EMIT_LOC_STRINGS = YES;
				SWIFT_VERSION = 5.0;
				TARGETED_DEVICE_FAMILY = "1,2";
			};
			name = Release;
		};
		E225D7FD27B42E49008D3422 /* Debug */ = {
			isa = XCBuildConfiguration;
			baseConfigurationReference = 27439FD3650342B5CD6B0AC3 /* Pods-MyCalendarTests.debug.xcconfig */;
			buildSettings = {
				ALWAYS_EMBED_SWIFT_STANDARD_LIBRARIES = YES;
				BUNDLE_LOADER = "$(TEST_HOST)";
				CODE_SIGN_STYLE = Automatic;
				CURRENT_PROJECT_VERSION = 1;
				DEVELOPMENT_TEAM = 32Y2DSLDNH;
				GENERATE_INFOPLIST_FILE = YES;
				IPHONEOS_DEPLOYMENT_TARGET = 15.2;
				MARKETING_VERSION = 1.0;
				PRODUCT_BUNDLE_IDENTIFIER = com.malchikTV.MyCalendarTests;
				PRODUCT_NAME = "$(TARGET_NAME)";
				SWIFT_EMIT_LOC_STRINGS = NO;
				SWIFT_VERSION = 5.0;
				TARGETED_DEVICE_FAMILY = "1,2";
				TEST_HOST = "$(BUILT_PRODUCTS_DIR)/MyCalendar.app/MyCalendar";
			};
			name = Debug;
		};
		E225D7FE27B42E49008D3422 /* Release */ = {
			isa = XCBuildConfiguration;
			baseConfigurationReference = 01C0CB81729A058B7C453634 /* Pods-MyCalendarTests.release.xcconfig */;
			buildSettings = {
				ALWAYS_EMBED_SWIFT_STANDARD_LIBRARIES = YES;
				BUNDLE_LOADER = "$(TEST_HOST)";
				CODE_SIGN_STYLE = Automatic;
				CURRENT_PROJECT_VERSION = 1;
				DEVELOPMENT_TEAM = 32Y2DSLDNH;
				GENERATE_INFOPLIST_FILE = YES;
				IPHONEOS_DEPLOYMENT_TARGET = 15.2;
				MARKETING_VERSION = 1.0;
				PRODUCT_BUNDLE_IDENTIFIER = com.malchikTV.MyCalendarTests;
				PRODUCT_NAME = "$(TARGET_NAME)";
				SWIFT_EMIT_LOC_STRINGS = NO;
				SWIFT_VERSION = 5.0;
				TARGETED_DEVICE_FAMILY = "1,2";
				TEST_HOST = "$(BUILT_PRODUCTS_DIR)/MyCalendar.app/MyCalendar";
			};
			name = Release;
		};
		E225D80027B42E49008D3422 /* Debug */ = {
			isa = XCBuildConfiguration;
			baseConfigurationReference = AB856330D595A8B27F6CEFBB /* Pods-MyCalendar-MyCalendarUITests.debug.xcconfig */;
			buildSettings = {
				ALWAYS_EMBED_SWIFT_STANDARD_LIBRARIES = YES;
				CODE_SIGN_STYLE = Automatic;
				CURRENT_PROJECT_VERSION = 1;
				DEVELOPMENT_TEAM = 32Y2DSLDNH;
				GENERATE_INFOPLIST_FILE = YES;
				MARKETING_VERSION = 1.0;
				PRODUCT_BUNDLE_IDENTIFIER = com.malchikTV.MyCalendarUITests;
				PRODUCT_NAME = "$(TARGET_NAME)";
				SWIFT_EMIT_LOC_STRINGS = NO;
				SWIFT_VERSION = 5.0;
				TARGETED_DEVICE_FAMILY = "1,2";
				TEST_TARGET_NAME = MyCalendar;
			};
			name = Debug;
		};
		E225D80127B42E49008D3422 /* Release */ = {
			isa = XCBuildConfiguration;
			baseConfigurationReference = 8A9A2CC1A6C1D2372EB1ACFC /* Pods-MyCalendar-MyCalendarUITests.release.xcconfig */;
			buildSettings = {
				ALWAYS_EMBED_SWIFT_STANDARD_LIBRARIES = YES;
				CODE_SIGN_STYLE = Automatic;
				CURRENT_PROJECT_VERSION = 1;
				DEVELOPMENT_TEAM = 32Y2DSLDNH;
				GENERATE_INFOPLIST_FILE = YES;
				MARKETING_VERSION = 1.0;
				PRODUCT_BUNDLE_IDENTIFIER = com.malchikTV.MyCalendarUITests;
				PRODUCT_NAME = "$(TARGET_NAME)";
				SWIFT_EMIT_LOC_STRINGS = NO;
				SWIFT_VERSION = 5.0;
				TARGETED_DEVICE_FAMILY = "1,2";
				TEST_TARGET_NAME = MyCalendar;
			};
			name = Release;
		};
/* End XCBuildConfiguration section */

/* Begin XCConfigurationList section */
		E225D7CA27B42E47008D3422 /* Build configuration list for PBXProject "MyCalendar" */ = {
			isa = XCConfigurationList;
			buildConfigurations = (
				E225D7F727B42E49008D3422 /* Debug */,
				E225D7F827B42E49008D3422 /* Release */,
			);
			defaultConfigurationIsVisible = 0;
			defaultConfigurationName = Release;
		};
		E225D7F927B42E49008D3422 /* Build configuration list for PBXNativeTarget "MyCalendar" */ = {
			isa = XCConfigurationList;
			buildConfigurations = (
				E225D7FA27B42E49008D3422 /* Debug */,
				E225D7FB27B42E49008D3422 /* Release */,
			);
			defaultConfigurationIsVisible = 0;
			defaultConfigurationName = Release;
		};
		E225D7FC27B42E49008D3422 /* Build configuration list for PBXNativeTarget "MyCalendarTests" */ = {
			isa = XCConfigurationList;
			buildConfigurations = (
				E225D7FD27B42E49008D3422 /* Debug */,
				E225D7FE27B42E49008D3422 /* Release */,
			);
			defaultConfigurationIsVisible = 0;
			defaultConfigurationName = Release;
		};
		E225D7FF27B42E49008D3422 /* Build configuration list for PBXNativeTarget "MyCalendarUITests" */ = {
			isa = XCConfigurationList;
			buildConfigurations = (
				E225D80027B42E49008D3422 /* Debug */,
				E225D80127B42E49008D3422 /* Release */,
			);
			defaultConfigurationIsVisible = 0;
			defaultConfigurationName = Release;
		};
/* End XCConfigurationList section */
	};
	rootObject = E225D7C727B42E47008D3422 /* Project object */;
}
